
Microsoft Visual Studio Solution File, Format Version 12.00
# Visual Studio Version 16
VisualStudioVersion = 16.0.29911.84
MinimumVisualStudioVersion = 10.0.40219.1
Project("{FAE04EC0-301F-11D3-BF4B-00C04F79EFBC}") = "AntiAFK", "AntiAFK.csproj", "{4D59D500-A243-4165-89DF-1FE88FD817AF}"
EndProject
Global
	GlobalSection(SolutionConfigurationPlatforms) = preSolution
		Debug|Any CPU = Debug|Any CPU
		Release|Any CPU = Release|Any CPU
	EndGlobalSection
	GlobalSection(ProjectConfigurationPlatforms) = postSolution
		{4D59D500-A243-4165-89DF-1FE88FD817AF}.Debug|Any CPU.ActiveCfg = Debug|Any CPU
		{4D59D500-A243-4165-89DF-1FE88FD817AF}.Debug|Any CPU.Build.0 = Debug|Any CPU
		{4D59D500-A243-4165-89DF-1FE88FD817AF}.Release|Any CPU.ActiveCfg = Release|Any CPU
		{4D59D500-A243-4165-89DF-1FE88FD817AF}.Release|Any CPU.Build.0 = Release|Any CPU
	EndGlobalSection
	GlobalSection(SolutionProperties) = preSolution
		HideSolutionNode = FALSE
	EndGlobalSection
	GlobalSection(ExtensibilityGlobals) = postSolution
		SolutionGuid = {ED2483EF-D0B3-4DD8-8031-C2C2F861B0A2}
	EndGlobalSection
EndGlobal
